// !$*UTF8*$!
{
	archiveVersion = 1;
	classes = {
	};
	objectVersion = 77;
	objects = {

/* Begin PBXBuildFile section */
		0033168128061F9717ED66A2 /* MapViewModelTests.swift in Sources */ = {isa = PBXBuildFile; fileRef = 0296808F41BB923762620C64 /* MapViewModelTests.swift */; };
		00335522C07BD5F73F1CA5A3 /* PhotoLibraryService.swift in Sources */ = {isa = PBXBuildFile; fileRef = 19228B23E7674EA5BE6AA5AF /* PhotoLibraryService.swift */; };
		00CEFF46083F7B6F0270D1CF /* PhotoShareViewModelTests.swift in Sources */ = {isa = PBXBuildFile; fileRef = 2AC83A2848BCC8C9285FB4A1 /* PhotoShareViewModelTests.swift */; };
		035324C42BB8EB1DB0BCF741 /* MapViewModel.swift in Sources */ = {isa = PBXBuildFile; fileRef = 639141A9091A124F02DBF401 /* MapViewModel.swift */; };
		06488109EBBCB8B19E53ED88 /* DesignSystemTokensTests.swift in Sources */ = {isa = PBXBuildFile; fileRef = 2C4437087CAD37EE42393F50 /* DesignSystemTokensTests.swift */; };
		0B1E36D253FF5663C799F7D9 /* PVButtonStyle.swift in Sources */ = {isa = PBXBuildFile; fileRef = 0C579043BE4F6A7E408B4907 /* PVButtonStyle.swift */; };
		0BF60200AC1DDD96537ABB14 /* View+Shadow.swift in Sources */ = {isa = PBXBuildFile; fileRef = D4A67C215509CC4179DD4F57 /* View+Shadow.swift */; };
		0C23D558924FE6BFA7B1E509 /* DependencyContainer.swift in Sources */ = {isa = PBXBuildFile; fileRef = DBEDC83F921DAE79D323E3CC /* DependencyContainer.swift */; };
		0E0FBF4810A1C25C257F8E56 /* DateHeaderFormatterTests.swift in Sources */ = {isa = PBXBuildFile; fileRef = 026D6636036A1A6072A04908 /* DateHeaderFormatterTests.swift */; };
		0E13FDD94FBFDF4F243C75EC /* AppLockViewModel.swift in Sources */ = {isa = PBXBuildFile; fileRef = 229D70A0FA4C40C2463E166D /* AppLockViewModel.swift */; };
		0F15DFA965A44B54A1685E9A /* PhotoViewerSwipeDecisionTests.swift in Sources */ = {isa = PBXBuildFile; fileRef = 8FA912A79360CEC0F4FA74B6 /* PhotoViewerSwipeDecisionTests.swift */; };
		0F328D546EF72C5A43EC4C53 /* RootView.swift in Sources */ = {isa = PBXBuildFile; fileRef = 0E3F725CF1DAB9C1E71FED8C /* RootView.swift */; };
		0F4B54EE5AF64A135626E9C5 /* ImmichAPIClientTests.swift in Sources */ = {isa = PBXBuildFile; fileRef = DD85A6F27E6B002D433EE957 /* ImmichAPIClientTests.swift */; };
		107144723CA4D34EB393EF4D /* TimelineSectionBuilder.swift in Sources */ = {isa = PBXBuildFile; fileRef = D543DF3FA536684E66F2E356 /* TimelineSectionBuilder.swift */; };
		1073BAEE4F1F707ED70F6C07 /* MockKeychainStore.swift in Sources */ = {isa = PBXBuildFile; fileRef = 32494F08196735AC40C42E65 /* MockKeychainStore.swift */; };
		13025AF5B1167AA39D11EA3F /* AuthenticatedAsyncImage.swift in Sources */ = {isa = PBXBuildFile; fileRef = CF59DA9133D4929044AB198C /* AuthenticatedAsyncImage.swift */; };
		14C7ECD9CC34DC3743B55740 /* ProfileView.swift in Sources */ = {isa = PBXBuildFile; fileRef = 1664E7D5F5F8AE5D34FC2AD0 /* ProfileView.swift */; };
		16A15FE17FE057D4F3F4B5A8 /* TimelineViewModelTests.swift in Sources */ = {isa = PBXBuildFile; fileRef = 6AAAC623B25E2F58794D2DE8 /* TimelineViewModelTests.swift */; };
		1BE14FDCA4CDFD1302EB1924 /* AppLockService.swift in Sources */ = {isa = PBXBuildFile; fileRef = F2679282C07C9C8BC18DC066 /* AppLockService.swift */; };
		1BF291E3C493E40B144B18CD /* Localizable.xcstrings in Resources */ = {isa = PBXBuildFile; fileRef = EFAA3C714B2F0D7284D3FA95 /* Localizable.xcstrings */; };
		204FFAADE18FC675CCFC018F /* ImageCache.swift in Sources */ = {isa = PBXBuildFile; fileRef = 6AC767038DB5DA626CF3E1DB /* ImageCache.swift */; };
		2168DFD18D07665A72CCD5CC /* LoginScreen.swift in Sources */ = {isa = PBXBuildFile; fileRef = 96FD1A133774F823AD435983 /* LoginScreen.swift */; };
		22C280975F044343DEB5AC9F /* EditState.swift in Sources */ = {isa = PBXBuildFile; fileRef = FA093EC6B585CA727A510320 /* EditState.swift */; };
		2516D9D5C7D2EC06E7CF8D30 /* TrashViewModelTests.swift in Sources */ = {isa = PBXBuildFile; fileRef = E9F278A2DD511F10E13FDED5 /* TrashViewModelTests.swift */; };
		2648007DEA3B0DCABA09AB11 /* SearchDTOs.swift in Sources */ = {isa = PBXBuildFile; fileRef = E958589215D0E65AF4BE8B95 /* SearchDTOs.swift */; };
		277C60DB6031A81FFC1D3D17 /* MockPhotoLibraryService.swift in Sources */ = {isa = PBXBuildFile; fileRef = 8FDDC8C15182914EB1CB4D3C /* MockPhotoLibraryService.swift */; };
		292430486336389B855407C7 /* PVGridCell.swift in Sources */ = {isa = PBXBuildFile; fileRef = CABE70476A4B4CECA5E54C3F /* PVGridCell.swift */; };
		C0FFEE1010A1B2C3D4E5F607 /* PVSkeletonGrid.swift in Sources */ = {isa = PBXBuildFile; fileRef = 1A2B3C4D5E6F70819203A4B5 /* PVSkeletonGrid.swift */; };
		293808534AFF743E31D0610C /* OnboardingFlowView.swift in Sources */ = {isa = PBXBuildFile; fileRef = 10E81E937ACB2709DE7A3DAB /* OnboardingFlowView.swift */; };
		2A5C842057BE8AE2F0055401 /* AlbumsView.swift in Sources */ = {isa = PBXBuildFile; fileRef = 0E5D67A446823B12453ADAEE /* AlbumsView.swift */; };
		2AD9509697C5557D06BA5633 /* AddToAlbumPickerSheet.swift in Sources */ = {isa = PBXBuildFile; fileRef = 7020759F71A6236EF0FDE5A3 /* AddToAlbumPickerSheet.swift */; };
		2F68BDD218095E9AB4C6DA7F /* MockLocationGeocoding.swift in Sources */ = {isa = PBXBuildFile; fileRef = 3DE9F6765E7DE075925A62C0 /* MockLocationGeocoding.swift */; };
		3670AD015A2E270961800429 /* TimelineGridZoom.swift in Sources */ = {isa = PBXBuildFile; fileRef = B401D9CEED0EFFEE799E61F1 /* TimelineGridZoom.swift */; };
		375CC3D254EFA48471384587 /* MapDTOs.swift in Sources */ = {isa = PBXBuildFile; fileRef = 712D1C56106FA8DAE37F50C8 /* MapDTOs.swift */; };
		39B7140FEEE7F4C8200CB76F /* ImmichAssetURL.swift in Sources */ = {isa = PBXBuildFile; fileRef = 944AF3866C73AEFFF44D5098 /* ImmichAssetURL.swift */; };
		3C3E7DB6ABCD73CE81DFA3C5 /* MockImmichClient.swift in Sources */ = {isa = PBXBuildFile; fileRef = 3B9AE950509E9F2C77A88EB3 /* MockImmichClient.swift */; };
		3F3646867CBA46D03C70E56B /* ZoomableImageView.swift in Sources */ = {isa = PBXBuildFile; fileRef = 62C087CA00BAB797D710A7A5 /* ZoomableImageView.swift */; };
		4232C50EA534A567E202FDBF /* DTOs+Album.swift in Sources */ = {isa = PBXBuildFile; fileRef = B10C390A70E5C7C2C4501752 /* DTOs+Album.swift */; };
		4244006500C17C37EC3C23D6 /* TimelineGridZoomTests.swift in Sources */ = {isa = PBXBuildFile; fileRef = 6FC3814BFC146B5B49F9091F /* TimelineGridZoomTests.swift */; };
		4E159CE0616C083068F74143 /* SearchViewModel.swift in Sources */ = {isa = PBXBuildFile; fileRef = 51D870EF69C11FD441421C6D /* SearchViewModel.swift */; };
		5257FD93BBB1F2AEBE24BAE2 /* TimelineView.swift in Sources */ = {isa = PBXBuildFile; fileRef = 8F3CC41BE0841865DDCC77FE /* TimelineView.swift */; };
		530A9E7B091A9DB6B665EF3C /* Font+PhotoVault.swift in Sources */ = {isa = PBXBuildFile; fileRef = BEDA23BA168C2F6954C5CE05 /* Font+PhotoVault.swift */; };
		54C2F7EB6719891AEF726BBB /* AlbumsTests.swift in Sources */ = {isa = PBXBuildFile; fileRef = 484079900F41D46E0DC1B904 /* AlbumsTests.swift */; };
		55DDF4399AE03D9CFBF101BF /* Assets.xcassets in Resources */ = {isa = PBXBuildFile; fileRef = 8E81A210D26A501C1F68C961 /* Assets.xcassets */; };
		5AE5E7A05FDAA383E31DE256 /* ServerURLScreen.swift in Sources */ = {isa = PBXBuildFile; fileRef = 84EE616DFB91236E2E2CE2CC /* ServerURLScreen.swift */; };
		5CC183A81FECD0A95A5E15C6 /* AnyEncodable.swift in Sources */ = {isa = PBXBuildFile; fileRef = 705A26D33FBB7E3005E7EC05 /* AnyEncodable.swift */; };
		5D31EBE0C6ABA95E8674A5A7 /* Spacing+PhotoVault.swift in Sources */ = {isa = PBXBuildFile; fileRef = F49108F54339481FAA6A8597 /* Spacing+PhotoVault.swift */; };
		62BFF65708FB956A0A778DD9 /* MapMarkerCache.swift in Sources */ = {isa = PBXBuildFile; fileRef = 8615FB2C6F9490858FF86568 /* MapMarkerCache.swift */; };
		66B53969B765E0EDE61468F4 /* PhotoShareViewModel.swift in Sources */ = {isa = PBXBuildFile; fileRef = F44FD3BD401F8A82719AF19C /* PhotoShareViewModel.swift */; };
		66D6C7EF8FF4902A42058929 /* EditPipeline.swift in Sources */ = {isa = PBXBuildFile; fileRef = D5B88FA63626BEB67A5EB033 /* EditPipeline.swift */; };
		AA11BB22CC33DD44EE55FF66 /* CountryFlag.swift in Sources */ = {isa = PBXBuildFile; fileRef = BB11CC22DD33EE44FF55AA66 /* CountryFlag.swift */; };
		67EB53F7AD8CB48FC884509B /* PinnedHeaderResolver.swift in Sources */ = {isa = PBXBuildFile; fileRef = B74E7C08F4EE298959335CB6 /* PinnedHeaderResolver.swift */; };
		6CF897BBA5C7CF8E415731BC /* AuthViewModelTests.swift in Sources */ = {isa = PBXBuildFile; fileRef = F57B5A5157AE50E292F0CEA0 /* AuthViewModelTests.swift */; };
		6DB42ADF994B02E2121B4E45 /* AuthViewModel.swift in Sources */ = {isa = PBXBuildFile; fileRef = AA3BB3A9E0C7AC8A15BFCFA2 /* AuthViewModel.swift */; };
		741FC097DE7A647EDDD0E766 /* JSONCoding.swift in Sources */ = {isa = PBXBuildFile; fileRef = EB0B6FBF917910E6D37ED1BD /* JSONCoding.swift */; };
		74B671349932155D6960783D /* PhotoLibraryServiceImpl.swift in Sources */ = {isa = PBXBuildFile; fileRef = 125C8D15AD494746DDDC499A /* PhotoLibraryServiceImpl.swift */; };
		761BA5FE37B409AF29DAB5FB /* Color+PhotoVault.swift in Sources */ = {isa = PBXBuildFile; fileRef = 76FD477D673E55393FBBDD4D /* Color+PhotoVault.swift */; };
		773A2F8FE5D391B22CA4DAA4 /* PinnedHeaderResolverTests.swift in Sources */ = {isa = PBXBuildFile; fileRef = 72BCC89BE645699ADC4BDC14 /* PinnedHeaderResolverTests.swift */; };
		7E1853382960209A084E78C3 /* TrashView.swift in Sources */ = {isa = PBXBuildFile; fileRef = 41D02393364614223D53FCFA /* TrashView.swift */; };
		7E57C32A07EE1347BAE7DD2C /* KeychainStore.swift in Sources */ = {isa = PBXBuildFile; fileRef = ACA8FE0FABA574203F62A5C1 /* KeychainStore.swift */; };
		7E81F774765AB7E79EEB2EE1 /* AssetDetailGeocodingTests.swift in Sources */ = {isa = PBXBuildFile; fileRef = 14BF103E51F40742C18916F7 /* AssetDetailGeocodingTests.swift */; };
		8065F22AB0DD2746464509FC /* DTOEncodingTests.swift in Sources */ = {isa = PBXBuildFile; fileRef = 5894E2DA334D7213B1F4D76B /* DTOEncodingTests.swift */; };
		8168EB414366FD5BA3D10DDA /* DTOs+SharedLink.swift in Sources */ = {isa = PBXBuildFile; fileRef = BF474550BC30A605D2B1615F /* DTOs+SharedLink.swift */; };
		832E4042AED6C9FAAB6AC7D1 /* AssetDetailViewModel.swift in Sources */ = {isa = PBXBuildFile; fileRef = 743C8155F678A0D035DCA27F /* AssetDetailViewModel.swift */; };
		8A91C57C6944A15ECD9BD44F /* WelcomeScreen.swift in Sources */ = {isa = PBXBuildFile; fileRef = 130BE9D32671473FA29EB7A9 /* WelcomeScreen.swift */; };
		8B4896FDF52F8BA65A804DC7 /* CreateAlbumSheet.swift in Sources */ = {isa = PBXBuildFile; fileRef = F0E30393E5D0F3117FF5809E /* CreateAlbumSheet.swift */; };
		8F648CF9D1E4AFBBB547AB0D /* InlineErrorBadge.swift in Sources */ = {isa = PBXBuildFile; fileRef = 94B3265764BD3709CAC94AD6 /* InlineErrorBadge.swift */; };
		9243301C309BE0F2F08E0DB0 /* PVInputGroup.swift in Sources */ = {isa = PBXBuildFile; fileRef = C40ACD254A955377C9DF101A /* PVInputGroup.swift */; };
		94CC0B59BFDAF7158BAC91D0 /* AssetDetailViewModelTests.swift in Sources */ = {isa = PBXBuildFile; fileRef = DD692C8B85C9F03CE679BF51 /* AssetDetailViewModelTests.swift */; };
		989446660BFF32E378E09957 /* TimelineViewModel.swift in Sources */ = {isa = PBXBuildFile; fileRef = 15168B21BF81DE8DB9FB219B /* TimelineViewModel.swift */; };
		98B81684166F35092027B090 /* AlbumDetailView.swift in Sources */ = {isa = PBXBuildFile; fileRef = 3F0380C7550B8A39C96AE6C6 /* AlbumDetailView.swift */; };
		99B8F1B2B2B546A9424A99E1 /* DTOs.swift in Sources */ = {isa = PBXBuildFile; fileRef = 6E7FE6FC2411C4B49F43B418 /* DTOs.swift */; };
		9B9C6DF5786353C2AF23F18F /* TimelineSectionBuilderTests.swift in Sources */ = {isa = PBXBuildFile; fileRef = A557E6E89A1B0868B3957EC3 /* TimelineSectionBuilderTests.swift */; };
		9D474260D75BFD884F1D56AD /* PhotoViewer.swift in Sources */ = {isa = PBXBuildFile; fileRef = E02D88A25EDFEF470DE465AB /* PhotoViewer.swift */; };
		9F3686BC1420D21C325F1045 /* RecentSearchesStore.swift in Sources */ = {isa = PBXBuildFile; fileRef = 20677022F1963E5B572B4144 /* RecentSearchesStore.swift */; };
		A31CE425B83CA29591349184 /* PVHeaderBadge.swift in Sources */ = {isa = PBXBuildFile; fileRef = FDF9477BF83A0859F5128F11 /* PVHeaderBadge.swift */; };
		A3D7F4346BC1AAF1BE2F7DD5 /* ImmichAPIClient.swift in Sources */ = {isa = PBXBuildFile; fileRef = 6892FD91BCB405574D2E2665 /* ImmichAPIClient.swift */; };
		A468C49DD2A880890888849C /* EditorViewModelTests.swift in Sources */ = {isa = PBXBuildFile; fileRef = 91ADA316512F5C0FDC8ADC61 /* EditorViewModelTests.swift */; };
		ABDC870D146CBBC241BC86E2 /* MultipartBody.swift in Sources */ = {isa = PBXBuildFile; fileRef = 92A9E21B1633B3B0280CDDBC /* MultipartBody.swift */; };
		AD37DE25A2020AF9419421E9 /* SharedLinkSheet.swift in Sources */ = {isa = PBXBuildFile; fileRef = CAC538A722DBF17EF78BA473 /* SharedLinkSheet.swift */; };
		B1D2E3F40506070809101112 /* SharedLinksViewModel.swift in Sources */ = {isa = PBXBuildFile; fileRef = 1A0B2C3D4E5F607182030405 /* SharedLinksViewModel.swift */; };
		AE42CCAC59E2AAC0B8F11A8F /* AssetReactItem.swift in Sources */ = {isa = PBXBuildFile; fileRef = A0EC4BD63322CE72002283FE /* AssetReactItem.swift */; };
		AFAE4D5A8B2241105E14446C /* AlbumDetailViewModel.swift in Sources */ = {isa = PBXBuildFile; fileRef = 760A50399F97A2D325FEB14D /* AlbumDetailViewModel.swift */; };
		B0E4A61C038B75804DBB6090 /* EditStateStore.swift in Sources */ = {isa = PBXBuildFile; fileRef = F80FD6981E52BFE70CD4EB69 /* EditStateStore.swift */; };
		B2A0ECCF66B27FB64ADA526F /* UploadViewModel.swift in Sources */ = {isa = PBXBuildFile; fileRef = 1809DE8A57CB828C66625B95 /* UploadViewModel.swift */; };
		B30270B0AD8AF036F1D42C74 /* EditStateTests.swift in Sources */ = {isa = PBXBuildFile; fileRef = 562CB12C829E9A741A247B3C /* EditStateTests.swift */; };
		B30A2E9C3F3B1216FE716563 /* ImmichColors.swift in Sources */ = {isa = PBXBuildFile; fileRef = AF2FE20DC73A4EF7C653097A /* ImmichColors.swift */; };
		B321FCF9D6BFD812FAB099A4 /* SearchView.swift in Sources */ = {isa = PBXBuildFile; fileRef = C1069B6F6E707F25B43595C7 /* SearchView.swift */; };
		B66F10F2A0915596CE59A686 /* MockAppLockService.swift in Sources */ = {isa = PBXBuildFile; fileRef = 9B5ECFEFD0658B794D13D709 /* MockAppLockService.swift */; };
		BA13CAF45C72C15D6F1305C9 /* Constants.swift in Sources */ = {isa = PBXBuildFile; fileRef = 506B4D76D76B4FDA67D828E9 /* Constants.swift */; };
		BB0C235E4A550C2B51F0FBAF /* MapView.swift in Sources */ = {isa = PBXBuildFile; fileRef = 63CF2BFC32B58F397F6B134B /* MapView.swift */; };
		BBD42C0DE4A9243490513642 /* SearchModeGlassBar.swift in Sources */ = {isa = PBXBuildFile; fileRef = A3D85870B2F48236E874B09C /* SearchModeGlassBar.swift */; };
		BD4E535E5AA824D16B2AEA08 /* TrashViewModel.swift in Sources */ = {isa = PBXBuildFile; fileRef = 66B5BD84EE20FE5F940590F6 /* TrashViewModel.swift */; };
		BDE4ABBCEBB4D02970CF6606 /* ExifDisplayFormatter.swift in Sources */ = {isa = PBXBuildFile; fileRef = 8203F1AF23108DC7982903E9 /* ExifDisplayFormatter.swift */; };
		C07A98D608A0E44577FACF28 /* PhotoEditorView.swift in Sources */ = {isa = PBXBuildFile; fileRef = 4ED9968C2C247474C961C93E /* PhotoEditorView.swift */; };
		D0CAC7A169395CDEC4458056 /* ImmichSwiftUIApp.swift in Sources */ = {isa = PBXBuildFile; fileRef = EBFDE41EB3F35AB3723245CB /* ImmichSwiftUIApp.swift */; };
		D2FCD9E2B7564C58B9F1AD71 /* ImmichClient.swift in Sources */ = {isa = PBXBuildFile; fileRef = 52227E27B6C189FC528D1924 /* ImmichClient.swift */; };
		D63DFBD7A0C3010F2BE60774 /* PhotoInfoPanel.swift in Sources */ = {isa = PBXBuildFile; fileRef = E2F95250B0055E6099674D4D /* PhotoInfoPanel.swift */; };
		DACAAE60CE6FBD8166F2E68D /* LongDateFormatter.swift in Sources */ = {isa = PBXBuildFile; fileRef = 40EBF7B9926844ECBD81918C /* LongDateFormatter.swift */; };
		DC9FA61F102C076161373742 /* AssetThumbnailCell.swift in Sources */ = {isa = PBXBuildFile; fileRef = 4939195A3781240543971E26 /* AssetThumbnailCell.swift */; };
		E00CB72F2D79A32EC663A9F0 /* AppLockViewModelTests.swift in Sources */ = {isa = PBXBuildFile; fileRef = 4AB868B52ADB57744F84B7EB /* AppLockViewModelTests.swift */; };
		E223ADADD07A290B16E1A603 /* PVFieldSurface.swift in Sources */ = {isa = PBXBuildFile; fileRef = BE8B4D0F9245406D86D0C633 /* PVFieldSurface.swift */; };
		E85D85ABB6BA7A7CD9AE45F5 /* ImageCacheTests.swift in Sources */ = {isa = PBXBuildFile; fileRef = 54774062103708C960C68C33 /* ImageCacheTests.swift */; };
		E9A7741CE094CBD1F4773024 /* AlbumsViewModel.swift in Sources */ = {isa = PBXBuildFile; fileRef = 2DB6F76D9F4BCD25D7212B68 /* AlbumsViewModel.swift */; };
		ED7C560FE8069CB0135098C2 /* ExifFormatterTests.swift in Sources */ = {isa = PBXBuildFile; fileRef = 98E0B8212195B42B1C1648C5 /* ExifFormatterTests.swift */; };
		F082DE38C0BB2B118792F655 /* APIError.swift in Sources */ = {isa = PBXBuildFile; fileRef = F954E1666928C1815BF89BEC /* APIError.swift */; };
		F2441CCAA3BADAA839F0F137 /* Motion+PhotoVault.swift in Sources */ = {isa = PBXBuildFile; fileRef = 94B9A4E50B640194B1A7A5B2 /* Motion+PhotoVault.swift */; };
		F2BB3D71D7D0019DD0872750 /* KeychainStoreImpl.swift in Sources */ = {isa = PBXBuildFile; fileRef = D029A852ECAADAB28C835A6C /* KeychainStoreImpl.swift */; };
		F2EFACB382EB95C2644C771C /* ImmichAppBar.swift in Sources */ = {isa = PBXBuildFile; fileRef = 57093EE39B7150E508AA7B9C /* ImmichAppBar.swift */; };
		F8E91DBF4819C91FA290723A /* SharedLinksView.swift in Sources */ = {isa = PBXBuildFile; fileRef = DA4C06CAD8C011DCEB7B782C /* SharedLinksView.swift */; };
		FB09A45000B8937B945F5826 /* DateHeaderFormatter.swift in Sources */ = {isa = PBXBuildFile; fileRef = 60290B25870E4D7852401377 /* DateHeaderFormatter.swift */; };
		FBE69C14AEF84665BFAE2744 /* SearchViewModelTests.swift in Sources */ = {isa = PBXBuildFile; fileRef = 9C5F55B65296B83E9775A933 /* SearchViewModelTests.swift */; };
		FE1DB9771F8B3F4EBF88890D /* LocationGeocodingService.swift in Sources */ = {isa = PBXBuildFile; fileRef = FDDC77DDD11CB5C7E3E91324 /* LocationGeocodingService.swift */; };
		FE878E244F2125507ECDCB36 /* PVStatusBadge.swift in Sources */ = {isa = PBXBuildFile; fileRef = 5B50D4A922CF1A0C2F3FD209 /* PVStatusBadge.swift */; };
		FF60B669921EB2F1A3B38BFD /* PhotoEditorViewModel.swift in Sources */ = {isa = PBXBuildFile; fileRef = 1D54D90775F8E62B8FCDA9E4 /* PhotoEditorViewModel.swift */; };
/* End PBXBuildFile section */

/* Begin PBXContainerItemProxy section */
		97DF164670759DD814015248 /* PBXContainerItemProxy */ = {
			isa = PBXContainerItemProxy;
			containerPortal = 33637C967137820639937F67 /* Project object */;
			proxyType = 1;
			remoteGlobalIDString = B31020D1619B9803A47177CB;
			remoteInfo = ImmichSwiftUI;
		};
/* End PBXContainerItemProxy section */

/* Begin PBXFileReference section */
		026D6636036A1A6072A04908 /* DateHeaderFormatterTests.swift */ = {isa = PBXFileReference; lastKnownFileType = sourcecode.swift; path = DateHeaderFormatterTests.swift; sourceTree = "<group>"; };
		0296808F41BB923762620C64 /* MapViewModelTests.swift */ = {isa = PBXFileReference; lastKnownFileType = sourcecode.swift; path = MapViewModelTests.swift; sourceTree = "<group>"; };
		0C579043BE4F6A7E408B4907 /* PVButtonStyle.swift */ = {isa = PBXFileReference; lastKnownFileType = sourcecode.swift; path = PVButtonStyle.swift; sourceTree = "<group>"; };
		0E3F725CF1DAB9C1E71FED8C /* RootView.swift */ = {isa = PBXFileReference; lastKnownFileType = sourcecode.swift; path = RootView.swift; sourceTree = "<group>"; };
		0E5D67A446823B12453ADAEE /* AlbumsView.swift */ = {isa = PBXFileReference; lastKnownFileType = sourcecode.swift; path = AlbumsView.swift; sourceTree = "<group>"; };
		10E81E937ACB2709DE7A3DAB /* OnboardingFlowView.swift */ = {isa = PBXFileReference; lastKnownFileType = sourcecode.swift; path = OnboardingFlowView.swift; sourceTree = "<group>"; };
		125C8D15AD494746DDDC499A /* PhotoLibraryServiceImpl.swift */ = {isa = PBXFileReference; lastKnownFileType = sourcecode.swift; path = PhotoLibraryServiceImpl.swift; sourceTree = "<group>"; };
		130BE9D32671473FA29EB7A9 /* WelcomeScreen.swift */ = {isa = PBXFileReference; lastKnownFileType = sourcecode.swift; path = WelcomeScreen.swift; sourceTree = "<group>"; };
		14BF103E51F40742C18916F7 /* AssetDetailGeocodingTests.swift */ = {isa = PBXFileReference; lastKnownFileType = sourcecode.swift; path = AssetDetailGeocodingTests.swift; sourceTree = "<group>"; };
		15168B21BF81DE8DB9FB219B /* TimelineViewModel.swift */ = {isa = PBXFileReference; lastKnownFileType = sourcecode.swift; path = TimelineViewModel.swift; sourceTree = "<group>"; };
		1664E7D5F5F8AE5D34FC2AD0 /* ProfileView.swift */ = {isa = PBXFileReference; lastKnownFileType = sourcecode.swift; path = ProfileView.swift; sourceTree = "<group>"; };
		1809DE8A57CB828C66625B95 /* UploadViewModel.swift */ = {isa = PBXFileReference; lastKnownFileType = sourcecode.swift; path = UploadViewModel.swift; sourceTree = "<group>"; };
		19228B23E7674EA5BE6AA5AF /* PhotoLibraryService.swift */ = {isa = PBXFileReference; lastKnownFileType = sourcecode.swift; path = PhotoLibraryService.swift; sourceTree = "<group>"; };
		1D54D90775F8E62B8FCDA9E4 /* PhotoEditorViewModel.swift */ = {isa = PBXFileReference; lastKnownFileType = sourcecode.swift; path = PhotoEditorViewModel.swift; sourceTree = "<group>"; };
		20677022F1963E5B572B4144 /* RecentSearchesStore.swift */ = {isa = PBXFileReference; lastKnownFileType = sourcecode.swift; path = RecentSearchesStore.swift; sourceTree = "<group>"; };
		229D70A0FA4C40C2463E166D /* AppLockViewModel.swift */ = {isa = PBXFileReference; lastKnownFileType = sourcecode.swift; path = AppLockViewModel.swift; sourceTree = "<group>"; };
		2AC83A2848BCC8C9285FB4A1 /* PhotoShareViewModelTests.swift */ = {isa = PBXFileReference; lastKnownFileType = sourcecode.swift; path = PhotoShareViewModelTests.swift; sourceTree = "<group>"; };
		2C4437087CAD37EE42393F50 /* DesignSystemTokensTests.swift */ = {isa = PBXFileReference; lastKnownFileType = sourcecode.swift; path = DesignSystemTokensTests.swift; sourceTree = "<group>"; };
		2DB6F76D9F4BCD25D7212B68 /* AlbumsViewModel.swift */ = {isa = PBXFileReference; lastKnownFileType = sourcecode.swift; path = AlbumsViewModel.swift; sourceTree = "<group>"; };
		32494F08196735AC40C42E65 /* MockKeychainStore.swift */ = {isa = PBXFileReference; lastKnownFileType = sourcecode.swift; path = MockKeychainStore.swift; sourceTree = "<group>"; };
		33EA8E8D8936DDE9AB9F62C5 /* ImmichSwiftUI.app */ = {isa = PBXFileReference; includeInIndex = 0; lastKnownFileType = wrapper.application; path = ImmichSwiftUI.app; sourceTree = BUILT_PRODUCTS_DIR; };
		3B9AE950509E9F2C77A88EB3 /* MockImmichClient.swift */ = {isa = PBXFileReference; lastKnownFileType = sourcecode.swift; path = MockImmichClient.swift; sourceTree = "<group>"; };
		3DE9F6765E7DE075925A62C0 /* MockLocationGeocoding.swift */ = {isa = PBXFileReference; lastKnownFileType = sourcecode.swift; path = MockLocationGeocoding.swift; sourceTree = "<group>"; };
		3F0380C7550B8A39C96AE6C6 /* AlbumDetailView.swift */ = {isa = PBXFileReference; lastKnownFileType = sourcecode.swift; path = AlbumDetailView.swift; sourceTree = "<group>"; };
		40EBF7B9926844ECBD81918C /* LongDateFormatter.swift */ = {isa = PBXFileReference; lastKnownFileType = sourcecode.swift; path = LongDateFormatter.swift; sourceTree = "<group>"; };
		41D02393364614223D53FCFA /* TrashView.swift */ = {isa = PBXFileReference; lastKnownFileType = sourcecode.swift; path = TrashView.swift; sourceTree = "<group>"; };
		484079900F41D46E0DC1B904 /* AlbumsTests.swift */ = {isa = PBXFileReference; lastKnownFileType = sourcecode.swift; path = AlbumsTests.swift; sourceTree = "<group>"; };
		4939195A3781240543971E26 /* AssetThumbnailCell.swift */ = {isa = PBXFileReference; lastKnownFileType = sourcecode.swift; path = AssetThumbnailCell.swift; sourceTree = "<group>"; };
		4AB868B52ADB57744F84B7EB /* AppLockViewModelTests.swift */ = {isa = PBXFileReference; lastKnownFileType = sourcecode.swift; path = AppLockViewModelTests.swift; sourceTree = "<group>"; };
		4ED9968C2C247474C961C93E /* PhotoEditorView.swift */ = {isa = PBXFileReference; lastKnownFileType = sourcecode.swift; path = PhotoEditorView.swift; sourceTree = "<group>"; };
		506B4D76D76B4FDA67D828E9 /* Constants.swift */ = {isa = PBXFileReference; lastKnownFileType = sourcecode.swift; path = Constants.swift; sourceTree = "<group>"; };
		51D870EF69C11FD441421C6D /* SearchViewModel.swift */ = {isa = PBXFileReference; lastKnownFileType = sourcecode.swift; path = SearchViewModel.swift; sourceTree = "<group>"; };
		52227E27B6C189FC528D1924 /* ImmichClient.swift */ = {isa = PBXFileReference; lastKnownFileType = sourcecode.swift; path = ImmichClient.swift; sourceTree = "<group>"; };
		54774062103708C960C68C33 /* ImageCacheTests.swift */ = {isa = PBXFileReference; lastKnownFileType = sourcecode.swift; path = ImageCacheTests.swift; sourceTree = "<group>"; };
		562CB12C829E9A741A247B3C /* EditStateTests.swift */ = {isa = PBXFileReference; lastKnownFileType = sourcecode.swift; path = EditStateTests.swift; sourceTree = "<group>"; };
		57093EE39B7150E508AA7B9C /* ImmichAppBar.swift */ = {isa = PBXFileReference; lastKnownFileType = sourcecode.swift; path = ImmichAppBar.swift; sourceTree = "<group>"; };
		5894E2DA334D7213B1F4D76B /* DTOEncodingTests.swift */ = {isa = PBXFileReference; lastKnownFileType = sourcecode.swift; path = DTOEncodingTests.swift; sourceTree = "<group>"; };
		5B50D4A922CF1A0C2F3FD209 /* PVStatusBadge.swift */ = {isa = PBXFileReference; lastKnownFileType = sourcecode.swift; path = PVStatusBadge.swift; sourceTree = "<group>"; };
		60290B25870E4D7852401377 /* DateHeaderFormatter.swift */ = {isa = PBXFileReference; lastKnownFileType = sourcecode.swift; path = DateHeaderFormatter.swift; sourceTree = "<group>"; };
		62C087CA00BAB797D710A7A5 /* ZoomableImageView.swift */ = {isa = PBXFileReference; lastKnownFileType = sourcecode.swift; path = ZoomableImageView.swift; sourceTree = "<group>"; };
		639141A9091A124F02DBF401 /* MapViewModel.swift */ = {isa = PBXFileReference; lastKnownFileType = sourcecode.swift; path = MapViewModel.swift; sourceTree = "<group>"; };
		63CF2BFC32B58F397F6B134B /* MapView.swift */ = {isa = PBXFileReference; lastKnownFileType = sourcecode.swift; path = MapView.swift; sourceTree = "<group>"; };
		66B5BD84EE20FE5F940590F6 /* TrashViewModel.swift */ = {isa = PBXFileReference; lastKnownFileType = sourcecode.swift; path = TrashViewModel.swift; sourceTree = "<group>"; };
		6892FD91BCB405574D2E2665 /* ImmichAPIClient.swift */ = {isa = PBXFileReference; lastKnownFileType = sourcecode.swift; path = ImmichAPIClient.swift; sourceTree = "<group>"; };
		6AAAC623B25E2F58794D2DE8 /* TimelineViewModelTests.swift */ = {isa = PBXFileReference; lastKnownFileType = sourcecode.swift; path = TimelineViewModelTests.swift; sourceTree = "<group>"; };
		6AC767038DB5DA626CF3E1DB /* ImageCache.swift */ = {isa = PBXFileReference; lastKnownFileType = sourcecode.swift; path = ImageCache.swift; sourceTree = "<group>"; };
		6E7FE6FC2411C4B49F43B418 /* DTOs.swift */ = {isa = PBXFileReference; lastKnownFileType = sourcecode.swift; path = DTOs.swift; sourceTree = "<group>"; };
		6FC3814BFC146B5B49F9091F /* TimelineGridZoomTests.swift */ = {isa = PBXFileReference; lastKnownFileType = sourcecode.swift; path = TimelineGridZoomTests.swift; sourceTree = "<group>"; };
		7020759F71A6236EF0FDE5A3 /* AddToAlbumPickerSheet.swift */ = {isa = PBXFileReference; lastKnownFileType = sourcecode.swift; path = AddToAlbumPickerSheet.swift; sourceTree = "<group>"; };
		705A26D33FBB7E3005E7EC05 /* AnyEncodable.swift */ = {isa = PBXFileReference; lastKnownFileType = sourcecode.swift; path = AnyEncodable.swift; sourceTree = "<group>"; };
		712D1C56106FA8DAE37F50C8 /* MapDTOs.swift */ = {isa = PBXFileReference; lastKnownFileType = sourcecode.swift; path = MapDTOs.swift; sourceTree = "<group>"; };
		72BCC89BE645699ADC4BDC14 /* PinnedHeaderResolverTests.swift */ = {isa = PBXFileReference; lastKnownFileType = sourcecode.swift; path = PinnedHeaderResolverTests.swift; sourceTree = "<group>"; };
		743C8155F678A0D035DCA27F /* AssetDetailViewModel.swift */ = {isa = PBXFileReference; lastKnownFileType = sourcecode.swift; path = AssetDetailViewModel.swift; sourceTree = "<group>"; };
		760A50399F97A2D325FEB14D /* AlbumDetailViewModel.swift */ = {isa = PBXFileReference; lastKnownFileType = sourcecode.swift; path = AlbumDetailViewModel.swift; sourceTree = "<group>"; };
		76FD477D673E55393FBBDD4D /* Color+PhotoVault.swift */ = {isa = PBXFileReference; lastKnownFileType = sourcecode.swift; path = "Color+PhotoVault.swift"; sourceTree = "<group>"; };
		8203F1AF23108DC7982903E9 /* ExifDisplayFormatter.swift */ = {isa = PBXFileReference; lastKnownFileType = sourcecode.swift; path = ExifDisplayFormatter.swift; sourceTree = "<group>"; };
		84EE616DFB91236E2E2CE2CC /* ServerURLScreen.swift */ = {isa = PBXFileReference; lastKnownFileType = sourcecode.swift; path = ServerURLScreen.swift; sourceTree = "<group>"; };
		8615FB2C6F9490858FF86568 /* MapMarkerCache.swift */ = {isa = PBXFileReference; lastKnownFileType = sourcecode.swift; path = MapMarkerCache.swift; sourceTree = "<group>"; };
		8E81A210D26A501C1F68C961 /* Assets.xcassets */ = {isa = PBXFileReference; lastKnownFileType = folder.assetcatalog; path = Assets.xcassets; sourceTree = "<group>"; };
		8F3CC41BE0841865DDCC77FE /* TimelineView.swift */ = {isa = PBXFileReference; lastKnownFileType = sourcecode.swift; path = TimelineView.swift; sourceTree = "<group>"; };
		8FA912A79360CEC0F4FA74B6 /* PhotoViewerSwipeDecisionTests.swift */ = {isa = PBXFileReference; lastKnownFileType = sourcecode.swift; path = PhotoViewerSwipeDecisionTests.swift; sourceTree = "<group>"; };
		8FDDC8C15182914EB1CB4D3C /* MockPhotoLibraryService.swift */ = {isa = PBXFileReference; lastKnownFileType = sourcecode.swift; path = MockPhotoLibraryService.swift; sourceTree = "<group>"; };
		91ADA316512F5C0FDC8ADC61 /* EditorViewModelTests.swift */ = {isa = PBXFileReference; lastKnownFileType = sourcecode.swift; path = EditorViewModelTests.swift; sourceTree = "<group>"; };
		923753AF1B4E81B4AA636C2D /* ImmichSwiftUITests.xctest */ = {isa = PBXFileReference; includeInIndex = 0; lastKnownFileType = wrapper.cfbundle; path = ImmichSwiftUITests.xctest; sourceTree = BUILT_PRODUCTS_DIR; };
		92A9E21B1633B3B0280CDDBC /* MultipartBody.swift */ = {isa = PBXFileReference; lastKnownFileType = sourcecode.swift; path = MultipartBody.swift; sourceTree = "<group>"; };
		944AF3866C73AEFFF44D5098 /* ImmichAssetURL.swift */ = {isa = PBXFileReference; lastKnownFileType = sourcecode.swift; path = ImmichAssetURL.swift; sourceTree = "<group>"; };
		94B3265764BD3709CAC94AD6 /* InlineErrorBadge.swift */ = {isa = PBXFileReference; lastKnownFileType = sourcecode.swift; path = InlineErrorBadge.swift; sourceTree = "<group>"; };
		94B9A4E50B640194B1A7A5B2 /* Motion+PhotoVault.swift */ = {isa = PBXFileReference; lastKnownFileType = sourcecode.swift; path = "Motion+PhotoVault.swift"; sourceTree = "<group>"; };
		96FD1A133774F823AD435983 /* LoginScreen.swift */ = {isa = PBXFileReference; lastKnownFileType = sourcecode.swift; path = LoginScreen.swift; sourceTree = "<group>"; };
		98E0B8212195B42B1C1648C5 /* ExifFormatterTests.swift */ = {isa = PBXFileReference; lastKnownFileType = sourcecode.swift; path = ExifFormatterTests.swift; sourceTree = "<group>"; };
		9B5ECFEFD0658B794D13D709 /* MockAppLockService.swift */ = {isa = PBXFileReference; lastKnownFileType = sourcecode.swift; path = MockAppLockService.swift; sourceTree = "<group>"; };
		9C5F55B65296B83E9775A933 /* SearchViewModelTests.swift */ = {isa = PBXFileReference; lastKnownFileType = sourcecode.swift; path = SearchViewModelTests.swift; sourceTree = "<group>"; };
		A0EC4BD63322CE72002283FE /* AssetReactItem.swift */ = {isa = PBXFileReference; lastKnownFileType = sourcecode.swift; path = AssetReactItem.swift; sourceTree = "<group>"; };
		A3D85870B2F48236E874B09C /* SearchModeGlassBar.swift */ = {isa = PBXFileReference; lastKnownFileType = sourcecode.swift; path = SearchModeGlassBar.swift; sourceTree = "<group>"; };
		A557E6E89A1B0868B3957EC3 /* TimelineSectionBuilderTests.swift */ = {isa = PBXFileReference; lastKnownFileType = sourcecode.swift; path = TimelineSectionBuilderTests.swift; sourceTree = "<group>"; };
		AA3BB3A9E0C7AC8A15BFCFA2 /* AuthViewModel.swift */ = {isa = PBXFileReference; lastKnownFileType = sourcecode.swift; path = AuthViewModel.swift; sourceTree = "<group>"; };
		ACA8FE0FABA574203F62A5C1 /* KeychainStore.swift */ = {isa = PBXFileReference; lastKnownFileType = sourcecode.swift; path = KeychainStore.swift; sourceTree = "<group>"; };
		AF2FE20DC73A4EF7C653097A /* ImmichColors.swift */ = {isa = PBXFileReference; lastKnownFileType = sourcecode.swift; path = ImmichColors.swift; sourceTree = "<group>"; };
		B10C390A70E5C7C2C4501752 /* DTOs+Album.swift */ = {isa = PBXFileReference; lastKnownFileType = sourcecode.swift; path = "DTOs+Album.swift"; sourceTree = "<group>"; };
		B401D9CEED0EFFEE799E61F1 /* TimelineGridZoom.swift */ = {isa = PBXFileReference; lastKnownFileType = sourcecode.swift; path = TimelineGridZoom.swift; sourceTree = "<group>"; };
		B74E7C08F4EE298959335CB6 /* PinnedHeaderResolver.swift */ = {isa = PBXFileReference; lastKnownFileType = sourcecode.swift; path = PinnedHeaderResolver.swift; sourceTree = "<group>"; };
		BE8B4D0F9245406D86D0C633 /* PVFieldSurface.swift */ = {isa = PBXFileReference; lastKnownFileType = sourcecode.swift; path = PVFieldSurface.swift; sourceTree = "<group>"; };
		BEDA23BA168C2F6954C5CE05 /* Font+PhotoVault.swift */ = {isa = PBXFileReference; lastKnownFileType = sourcecode.swift; path = "Font+PhotoVault.swift"; sourceTree = "<group>"; };
		BF474550BC30A605D2B1615F /* DTOs+SharedLink.swift */ = {isa = PBXFileReference; lastKnownFileType = sourcecode.swift; path = "DTOs+SharedLink.swift"; sourceTree = "<group>"; };
		C1069B6F6E707F25B43595C7 /* SearchView.swift */ = {isa = PBXFileReference; lastKnownFileType = sourcecode.swift; path = SearchView.swift; sourceTree = "<group>"; };
		C40ACD254A955377C9DF101A /* PVInputGroup.swift */ = {isa = PBXFileReference; lastKnownFileType = sourcecode.swift; path = PVInputGroup.swift; sourceTree = "<group>"; };
		CABE70476A4B4CECA5E54C3F /* PVGridCell.swift */ = {isa = PBXFileReference; lastKnownFileType = sourcecode.swift; path = PVGridCell.swift; sourceTree = "<group>"; };
		1A2B3C4D5E6F70819203A4B5 /* PVSkeletonGrid.swift */ = {isa = PBXFileReference; lastKnownFileType = sourcecode.swift; path = PVSkeletonGrid.swift; sourceTree = "<group>"; };
		CAC538A722DBF17EF78BA473 /* SharedLinkSheet.swift */ = {isa = PBXFileReference; lastKnownFileType = sourcecode.swift; path = SharedLinkSheet.swift; sourceTree = "<group>"; };
		1A0B2C3D4E5F607182030405 /* SharedLinksViewModel.swift */ = {isa = PBXFileReference; lastKnownFileType = sourcecode.swift; path = SharedLinksViewModel.swift; sourceTree = "<group>"; };
		CF59DA9133D4929044AB198C /* AuthenticatedAsyncImage.swift */ = {isa = PBXFileReference; lastKnownFileType = sourcecode.swift; path = AuthenticatedAsyncImage.swift; sourceTree = "<group>"; };
		D029A852ECAADAB28C835A6C /* KeychainStoreImpl.swift */ = {isa = PBXFileReference; lastKnownFileType = sourcecode.swift; path = KeychainStoreImpl.swift; sourceTree = "<group>"; };
		D4A67C215509CC4179DD4F57 /* View+Shadow.swift */ = {isa = PBXFileReference; lastKnownFileType = sourcecode.swift; path = "View+Shadow.swift"; sourceTree = "<group>"; };
		D543DF3FA536684E66F2E356 /* TimelineSectionBuilder.swift */ = {isa = PBXFileReference; lastKnownFileType = sourcecode.swift; path = TimelineSectionBuilder.swift; sourceTree = "<group>"; };
		D5B88FA63626BEB67A5EB033 /* EditPipeline.swift */ = {isa = PBXFileReference; lastKnownFileType = sourcecode.swift; path = EditPipeline.swift; sourceTree = "<group>"; };
		BB11CC22DD33EE44FF55AA66 /* CountryFlag.swift */ = {isa = PBXFileReference; lastKnownFileType = sourcecode.swift; path = CountryFlag.swift; sourceTree = "<group>"; };
		DA4C06CAD8C011DCEB7B782C /* SharedLinksView.swift */ = {isa = PBXFileReference; lastKnownFileType = sourcecode.swift; path = SharedLinksView.swift; sourceTree = "<group>"; };
		DBEDC83F921DAE79D323E3CC /* DependencyContainer.swift */ = {isa = PBXFileReference; lastKnownFileType = sourcecode.swift; path = DependencyContainer.swift; sourceTree = "<group>"; };
		DD692C8B85C9F03CE679BF51 /* AssetDetailViewModelTests.swift */ = {isa = PBXFileReference; lastKnownFileType = sourcecode.swift; path = AssetDetailViewModelTests.swift; sourceTree = "<group>"; };
		DD85A6F27E6B002D433EE957 /* ImmichAPIClientTests.swift */ = {isa = PBXFileReference; lastKnownFileType = sourcecode.swift; path = ImmichAPIClientTests.swift; sourceTree = "<group>"; };
		E02D88A25EDFEF470DE465AB /* PhotoViewer.swift */ = {isa = PBXFileReference; lastKnownFileType = sourcecode.swift; path = PhotoViewer.swift; sourceTree = "<group>"; };
		E2F95250B0055E6099674D4D /* PhotoInfoPanel.swift */ = {isa = PBXFileReference; lastKnownFileType = sourcecode.swift; path = PhotoInfoPanel.swift; sourceTree = "<group>"; };
		E958589215D0E65AF4BE8B95 /* SearchDTOs.swift */ = {isa = PBXFileReference; lastKnownFileType = sourcecode.swift; path = SearchDTOs.swift; sourceTree = "<group>"; };
		E9F278A2DD511F10E13FDED5 /* TrashViewModelTests.swift */ = {isa = PBXFileReference; lastKnownFileType = sourcecode.swift; path = TrashViewModelTests.swift; sourceTree = "<group>"; };
		EB0B6FBF917910E6D37ED1BD /* JSONCoding.swift */ = {isa = PBXFileReference; lastKnownFileType = sourcecode.swift; path = JSONCoding.swift; sourceTree = "<group>"; };
		EBFDE41EB3F35AB3723245CB /* ImmichSwiftUIApp.swift */ = {isa = PBXFileReference; lastKnownFileType = sourcecode.swift; path = ImmichSwiftUIApp.swift; sourceTree = "<group>"; };
		EFAA3C714B2F0D7284D3FA95 /* Localizable.xcstrings */ = {isa = PBXFileReference; lastKnownFileType = text.json.xcstrings; path = Localizable.xcstrings; sourceTree = "<group>"; };
		F0E30393E5D0F3117FF5809E /* CreateAlbumSheet.swift */ = {isa = PBXFileReference; lastKnownFileType = sourcecode.swift; path = CreateAlbumSheet.swift; sourceTree = "<group>"; };
		F2679282C07C9C8BC18DC066 /* AppLockService.swift */ = {isa = PBXFileReference; lastKnownFileType = sourcecode.swift; path = AppLockService.swift; sourceTree = "<group>"; };
		F44FD3BD401F8A82719AF19C /* PhotoShareViewModel.swift */ = {isa = PBXFileReference; lastKnownFileType = sourcecode.swift; path = PhotoShareViewModel.swift; sourceTree = "<group>"; };
		F49108F54339481FAA6A8597 /* Spacing+PhotoVault.swift */ = {isa = PBXFileReference; lastKnownFileType = sourcecode.swift; path = "Spacing+PhotoVault.swift"; sourceTree = "<group>"; };
		F57B5A5157AE50E292F0CEA0 /* AuthViewModelTests.swift */ = {isa = PBXFileReference; lastKnownFileType = sourcecode.swift; path = AuthViewModelTests.swift; sourceTree = "<group>"; };
		F80FD6981E52BFE70CD4EB69 /* EditStateStore.swift */ = {isa = PBXFileReference; lastKnownFileType = sourcecode.swift; path = EditStateStore.swift; sourceTree = "<group>"; };
		F954E1666928C1815BF89BEC /* APIError.swift */ = {isa = PBXFileReference; lastKnownFileType = sourcecode.swift; path = APIError.swift; sourceTree = "<group>"; };
		FA093EC6B585CA727A510320 /* EditState.swift */ = {isa = PBXFileReference; lastKnownFileType = sourcecode.swift; path = EditState.swift; sourceTree = "<group>"; };
		FDDC77DDD11CB5C7E3E91324 /* LocationGeocodingService.swift */ = {isa = PBXFileReference; lastKnownFileType = sourcecode.swift; path = LocationGeocodingService.swift; sourceTree = "<group>"; };
		FDF9477BF83A0859F5128F11 /* PVHeaderBadge.swift */ = {isa = PBXFileReference; lastKnownFileType = sourcecode.swift; path = PVHeaderBadge.swift; sourceTree = "<group>"; };
/* End PBXFileReference section */

/* Begin PBXGroup section */
		060BF39A8A82C42AC7016375 /* Resources */ = {
			isa = PBXGroup;
			children = (
				8E81A210D26A501C1F68C961 /* Assets.xcassets */,
				EFAA3C714B2F0D7284D3FA95 /* Localizable.xcstrings */,
			);
			path = Resources;
			sourceTree = "<group>";
		};
		1BFF1D5CC8ACFAF44253C137 /* Sources */ = {
			isa = PBXGroup;
			children = (
				DBEDC83F921DAE79D323E3CC /* DependencyContainer.swift */,
				EBFDE41EB3F35AB3723245CB /* ImmichSwiftUIApp.swift */,
				0E3F725CF1DAB9C1E71FED8C /* RootView.swift */,
				E2DE9C0003C7F36D8C9C8237 /* Core */,
				86A39F8F97936CA66FF6BF5B /* DesignSystem */,
				3AEFA7BD43D72FB5A4DEF1F7 /* Features */,
				20610062207F4E494DE527E2 /* Services */,
			);
			path = Sources;
			sourceTree = "<group>";
		};
		1F990AFA5CCE9A1B2FAE8CD1 /* Tokens */ = {
			isa = PBXGroup;
			children = (
				76FD477D673E55393FBBDD4D /* Color+PhotoVault.swift */,
				BEDA23BA168C2F6954C5CE05 /* Font+PhotoVault.swift */,
				AF2FE20DC73A4EF7C653097A /* ImmichColors.swift */,
				94B9A4E50B640194B1A7A5B2 /* Motion+PhotoVault.swift */,
				F49108F54339481FAA6A8597 /* Spacing+PhotoVault.swift */,
				D4A67C215509CC4179DD4F57 /* View+Shadow.swift */,
			);
			path = Tokens;
			sourceTree = "<group>";
		};
		20610062207F4E494DE527E2 /* Services */ = {
			isa = PBXGroup;
			children = (
				CF59DA9133D4929044AB198C /* AuthenticatedAsyncImage.swift */,
				F80FD6981E52BFE70CD4EB69 /* EditStateStore.swift */,
				6AC767038DB5DA626CF3E1DB /* ImageCache.swift */,
				6892FD91BCB405574D2E2665 /* ImmichAPIClient.swift */,
				944AF3866C73AEFFF44D5098 /* ImmichAssetURL.swift */,
				EB0B6FBF917910E6D37ED1BD /* JSONCoding.swift */,
				D029A852ECAADAB28C835A6C /* KeychainStoreImpl.swift */,
				FDDC77DDD11CB5C7E3E91324 /* LocationGeocodingService.swift */,
				92A9E21B1633B3B0280CDDBC /* MultipartBody.swift */,
				125C8D15AD494746DDDC499A /* PhotoLibraryServiceImpl.swift */,
			);
			path = Services;
			sourceTree = "<group>";
		};
		384C39ABD007B27BC05CD7D4 /* Utilities */ = {
			isa = PBXGroup;
			children = (
				D5B88FA63626BEB67A5EB033 /* EditPipeline.swift */,
				8203F1AF23108DC7982903E9 /* ExifDisplayFormatter.swift */,
				40EBF7B9926844ECBD81918C /* LongDateFormatter.swift */,
				BB11CC22DD33EE44FF55AA66 /* CountryFlag.swift */,
			);
			path = Utilities;
			sourceTree = "<group>";
		};
		3AEFA7BD43D72FB5A4DEF1F7 /* Features */ = {
			isa = PBXGroup;
			children = (
				C58A440B2EFBD74A5DF57290 /* Albums */,
				67062BE6EF73483FA1717930 /* AssetDetail */,
				42883CFDC234E589F117A88E /* Auth */,
				53F3A505DEAFA92D709D1611 /* Editor */,
				F490BD76FA8C5B23572FD6CD /* PhotoViewer */,
				D22D55C5B08C5B098B1101BC /* Profile */,
				A20DE10DB4730A9C0D0D19FA /* Search */,
				88CA9C3B5108893B38CB0A15 /* SharedLinks */,
				9CE02B2FEAF46B3958D7A9BD /* Timeline */,
				C42E1A3A640FD0EB7C030D91 /* Trash */,
				99AC3D4C522EEBC6ED2C0018 /* Upload */,
			);
			path = Features;
			sourceTree = "<group>";
		};
		3D7CD1A871C479FC3F82DDD1 /* Components */ = {
			isa = PBXGroup;
			children = (
				57093EE39B7150E508AA7B9C /* ImmichAppBar.swift */,
				94B3265764BD3709CAC94AD6 /* InlineErrorBadge.swift */,
				0C579043BE4F6A7E408B4907 /* PVButtonStyle.swift */,
				BE8B4D0F9245406D86D0C633 /* PVFieldSurface.swift */,
				CABE70476A4B4CECA5E54C3F /* PVGridCell.swift */,
				1A2B3C4D5E6F70819203A4B5 /* PVSkeletonGrid.swift */,
				FDF9477BF83A0859F5128F11 /* PVHeaderBadge.swift */,
				C40ACD254A955377C9DF101A /* PVInputGroup.swift */,
				5B50D4A922CF1A0C2F3FD209 /* PVStatusBadge.swift */,
			);
			path = Components;
			sourceTree = "<group>";
		};
		42883CFDC234E589F117A88E /* Auth */ = {
			isa = PBXGroup;
			children = (
				229D70A0FA4C40C2463E166D /* AppLockViewModel.swift */,
				AA3BB3A9E0C7AC8A15BFCFA2 /* AuthViewModel.swift */,
				7F08150B5F950C9DC1E4A358 /* Onboarding */,
			);
			path = Auth;
			sourceTree = "<group>";
		};
		47C5B741E1C8080A2143FF83 /* Protocols */ = {
			isa = PBXGroup;
			children = (
				F2679282C07C9C8BC18DC066 /* AppLockService.swift */,
				52227E27B6C189FC528D1924 /* ImmichClient.swift */,
				ACA8FE0FABA574203F62A5C1 /* KeychainStore.swift */,
				19228B23E7674EA5BE6AA5AF /* PhotoLibraryService.swift */,
			);
			path = Protocols;
			sourceTree = "<group>";
		};
		53F3A505DEAFA92D709D1611 /* Editor */ = {
			isa = PBXGroup;
			children = (
				4ED9968C2C247474C961C93E /* PhotoEditorView.swift */,
				1D54D90775F8E62B8FCDA9E4 /* PhotoEditorViewModel.swift */,
			);
			path = Editor;
			sourceTree = "<group>";
		};
		67062BE6EF73483FA1717930 /* AssetDetail */ = {
			isa = PBXGroup;
			children = (
				743C8155F678A0D035DCA27F /* AssetDetailViewModel.swift */,
			);
			path = AssetDetail;
			sourceTree = "<group>";
		};
		72702A00F81C468E5F3BFE9B /* Tests */ = {
			isa = PBXGroup;
			children = (
				484079900F41D46E0DC1B904 /* AlbumsTests.swift */,
				4AB868B52ADB57744F84B7EB /* AppLockViewModelTests.swift */,
				14BF103E51F40742C18916F7 /* AssetDetailGeocodingTests.swift */,
				DD692C8B85C9F03CE679BF51 /* AssetDetailViewModelTests.swift */,
				F57B5A5157AE50E292F0CEA0 /* AuthViewModelTests.swift */,
				026D6636036A1A6072A04908 /* DateHeaderFormatterTests.swift */,
				2C4437087CAD37EE42393F50 /* DesignSystemTokensTests.swift */,
				5894E2DA334D7213B1F4D76B /* DTOEncodingTests.swift */,
				91ADA316512F5C0FDC8ADC61 /* EditorViewModelTests.swift */,
				562CB12C829E9A741A247B3C /* EditStateTests.swift */,
				98E0B8212195B42B1C1648C5 /* ExifFormatterTests.swift */,
				54774062103708C960C68C33 /* ImageCacheTests.swift */,
				DD85A6F27E6B002D433EE957 /* ImmichAPIClientTests.swift */,
				0296808F41BB923762620C64 /* MapViewModelTests.swift */,
				2AC83A2848BCC8C9285FB4A1 /* PhotoShareViewModelTests.swift */,
				8FA912A79360CEC0F4FA74B6 /* PhotoViewerSwipeDecisionTests.swift */,
				72BCC89BE645699ADC4BDC14 /* PinnedHeaderResolverTests.swift */,
				9C5F55B65296B83E9775A933 /* SearchViewModelTests.swift */,
				6FC3814BFC146B5B49F9091F /* TimelineGridZoomTests.swift */,
				A557E6E89A1B0868B3957EC3 /* TimelineSectionBuilderTests.swift */,
				6AAAC623B25E2F58794D2DE8 /* TimelineViewModelTests.swift */,
				E9F278A2DD511F10E13FDED5 /* TrashViewModelTests.swift */,
				9645F94787F9E793A2BB799D /* Mocks */,
			);
			path = Tests;
			sourceTree = "<group>";
		};
		7F08150B5F950C9DC1E4A358 /* Onboarding */ = {
			isa = PBXGroup;
			children = (
				96FD1A133774F823AD435983 /* LoginScreen.swift */,
				10E81E937ACB2709DE7A3DAB /* OnboardingFlowView.swift */,
				84EE616DFB91236E2E2CE2CC /* ServerURLScreen.swift */,
				130BE9D32671473FA29EB7A9 /* WelcomeScreen.swift */,
			);
			path = Onboarding;
			sourceTree = "<group>";
		};
		86A39F8F97936CA66FF6BF5B /* DesignSystem */ = {
			isa = PBXGroup;
			children = (
				3D7CD1A871C479FC3F82DDD1 /* Components */,
				1F990AFA5CCE9A1B2FAE8CD1 /* Tokens */,
			);
			path = DesignSystem;
			sourceTree = "<group>";
		};
		88CA9C3B5108893B38CB0A15 /* SharedLinks */ = {
			isa = PBXGroup;
			children = (
				CAC538A722DBF17EF78BA473 /* SharedLinkSheet.swift */,
				1A0B2C3D4E5F607182030405 /* SharedLinksViewModel.swift */,
				DA4C06CAD8C011DCEB7B782C /* SharedLinksView.swift */,
			);
			path = SharedLinks;
			sourceTree = "<group>";
		};
		9645F94787F9E793A2BB799D /* Mocks */ = {
			isa = PBXGroup;
			children = (
				9B5ECFEFD0658B794D13D709 /* MockAppLockService.swift */,
				3B9AE950509E9F2C77A88EB3 /* MockImmichClient.swift */,
				32494F08196735AC40C42E65 /* MockKeychainStore.swift */,
				3DE9F6765E7DE075925A62C0 /* MockLocationGeocoding.swift */,
				8FDDC8C15182914EB1CB4D3C /* MockPhotoLibraryService.swift */,
			);
			path = Mocks;
			sourceTree = "<group>";
		};
		9810076BCAABFF144648C16E /* Products */ = {
			isa = PBXGroup;
			children = (
				33EA8E8D8936DDE9AB9F62C5 /* ImmichSwiftUI.app */,
				923753AF1B4E81B4AA636C2D /* ImmichSwiftUITests.xctest */,
			);
			name = Products;
			sourceTree = "<group>";
		};
		99AC3D4C522EEBC6ED2C0018 /* Upload */ = {
			isa = PBXGroup;
			children = (
				1809DE8A57CB828C66625B95 /* UploadViewModel.swift */,
			);
			path = Upload;
			sourceTree = "<group>";
		};
		9CE02B2FEAF46B3958D7A9BD /* Timeline */ = {
			isa = PBXGroup;
			children = (
				4939195A3781240543971E26 /* AssetThumbnailCell.swift */,
				60290B25870E4D7852401377 /* DateHeaderFormatter.swift */,
				B74E7C08F4EE298959335CB6 /* PinnedHeaderResolver.swift */,
				B401D9CEED0EFFEE799E61F1 /* TimelineGridZoom.swift */,
				D543DF3FA536684E66F2E356 /* TimelineSectionBuilder.swift */,
				8F3CC41BE0841865DDCC77FE /* TimelineView.swift */,
				15168B21BF81DE8DB9FB219B /* TimelineViewModel.swift */,
			);
			path = Timeline;
			sourceTree = "<group>";
		};
		A20DE10DB4730A9C0D0D19FA /* Search */ = {
			isa = PBXGroup;
			children = (
				8615FB2C6F9490858FF86568 /* MapMarkerCache.swift */,
				63CF2BFC32B58F397F6B134B /* MapView.swift */,
				639141A9091A124F02DBF401 /* MapViewModel.swift */,
				20677022F1963E5B572B4144 /* RecentSearchesStore.swift */,
				A3D85870B2F48236E874B09C /* SearchModeGlassBar.swift */,
				C1069B6F6E707F25B43595C7 /* SearchView.swift */,
				51D870EF69C11FD441421C6D /* SearchViewModel.swift */,
			);
			path = Search;
			sourceTree = "<group>";
		};
		C42E1A3A640FD0EB7C030D91 /* Trash */ = {
			isa = PBXGroup;
			children = (
				41D02393364614223D53FCFA /* TrashView.swift */,
				66B5BD84EE20FE5F940590F6 /* TrashViewModel.swift */,
			);
			path = Trash;
			sourceTree = "<group>";
		};
		C58A440B2EFBD74A5DF57290 /* Albums */ = {
			isa = PBXGroup;
			children = (
				7020759F71A6236EF0FDE5A3 /* AddToAlbumPickerSheet.swift */,
				3F0380C7550B8A39C96AE6C6 /* AlbumDetailView.swift */,
				760A50399F97A2D325FEB14D /* AlbumDetailViewModel.swift */,
				0E5D67A446823B12453ADAEE /* AlbumsView.swift */,
				2DB6F76D9F4BCD25D7212B68 /* AlbumsViewModel.swift */,
				F0E30393E5D0F3117FF5809E /* CreateAlbumSheet.swift */,
			);
			path = Albums;
			sourceTree = "<group>";
		};
		D17CBEEDC2B73B359C3EA5BD = {
			isa = PBXGroup;
			children = (
				060BF39A8A82C42AC7016375 /* Resources */,
				1BFF1D5CC8ACFAF44253C137 /* Sources */,
				72702A00F81C468E5F3BFE9B /* Tests */,
				9810076BCAABFF144648C16E /* Products */,
			);
			sourceTree = "<group>";
		};
		D22D55C5B08C5B098B1101BC /* Profile */ = {
			isa = PBXGroup;
			children = (
				1664E7D5F5F8AE5D34FC2AD0 /* ProfileView.swift */,
			);
			path = Profile;
			sourceTree = "<group>";
		};
		DC0839E36CB0A846BEA77B2F /* Types */ = {
			isa = PBXGroup;
			children = (
				705A26D33FBB7E3005E7EC05 /* AnyEncodable.swift */,
				F954E1666928C1815BF89BEC /* APIError.swift */,
				A0EC4BD63322CE72002283FE /* AssetReactItem.swift */,
				6E7FE6FC2411C4B49F43B418 /* DTOs.swift */,
				B10C390A70E5C7C2C4501752 /* DTOs+Album.swift */,
				BF474550BC30A605D2B1615F /* DTOs+SharedLink.swift */,
				FA093EC6B585CA727A510320 /* EditState.swift */,
				712D1C56106FA8DAE37F50C8 /* MapDTOs.swift */,
				E958589215D0E65AF4BE8B95 /* SearchDTOs.swift */,
			);
			path = Types;
			sourceTree = "<group>";
		};
		E2DE9C0003C7F36D8C9C8237 /* Core */ = {
			isa = PBXGroup;
			children = (
				506B4D76D76B4FDA67D828E9 /* Constants.swift */,
				47C5B741E1C8080A2143FF83 /* Protocols */,
				DC0839E36CB0A846BEA77B2F /* Types */,
				384C39ABD007B27BC05CD7D4 /* Utilities */,
			);
			path = Core;
			sourceTree = "<group>";
		};
		F490BD76FA8C5B23572FD6CD /* PhotoViewer */ = {
			isa = PBXGroup;
			children = (
				E2F95250B0055E6099674D4D /* PhotoInfoPanel.swift */,
				F44FD3BD401F8A82719AF19C /* PhotoShareViewModel.swift */,
				E02D88A25EDFEF470DE465AB /* PhotoViewer.swift */,
				62C087CA00BAB797D710A7A5 /* ZoomableImageView.swift */,
			);
			path = PhotoViewer;
			sourceTree = "<group>";
		};
/* End PBXGroup section */

/* Begin PBXNativeTarget section */
		B31020D1619B9803A47177CB /* ImmichSwiftUI */ = {
			isa = PBXNativeTarget;
			buildConfigurationList = D189E55E327191235D906BD1 /* Build configuration list for PBXNativeTarget "ImmichSwiftUI" */;
			buildPhases = (
				ECA4E6370BE71562FA32587D /* Sources */,
				62B961DDF3A1ED63A46CC9BB /* Resources */,
			);
			buildRules = (
			);
			dependencies = (
			);
			name = ImmichSwiftUI;
			packageProductDependencies = (
			);
			productName = ImmichSwiftUI;
			productReference = 33EA8E8D8936DDE9AB9F62C5 /* ImmichSwiftUI.app */;
			productType = "com.apple.product-type.application";
		};
		DA6E7A8F7562E6A3FF0C8F8E /* ImmichSwiftUITests */ = {
			isa = PBXNativeTarget;
			buildConfigurationList = F086F407E723BA4D0ABF0BAD /* Build configuration list for PBXNativeTarget "ImmichSwiftUITests" */;
			buildPhases = (
				BE23A5B6731B401843D08D65 /* Sources */,
			);
			buildRules = (
			);
			dependencies = (
				D4B2C1D1988F2CFD04B0AB1F /* PBXTargetDependency */,
			);
			name = ImmichSwiftUITests;
			packageProductDependencies = (
			);
			productName = ImmichSwiftUITests;
			productReference = 923753AF1B4E81B4AA636C2D /* ImmichSwiftUITests.xctest */;
			productType = "com.apple.product-type.bundle.unit-test";
		};
/* End PBXNativeTarget section */

/* Begin PBXProject section */
		33637C967137820639937F67 /* Project object */ = {
			isa = PBXProject;
			attributes = {
				BuildIndependentTargetsInParallel = YES;
				LastUpgradeCheck = 1430;
				TargetAttributes = {
					B31020D1619B9803A47177CB = {
						DevelopmentTeam = 2MJF39L8VY;
					};
				};
			};
			buildConfigurationList = 3921F729C4FBA1138CAB5924 /* Build configuration list for PBXProject "ImmichSwiftUI" */;
			developmentRegion = en;
			hasScannedForEncodings = 0;
			knownRegions = (
				Base,
				en,
			);
			mainGroup = D17CBEEDC2B73B359C3EA5BD;
			minimizedProjectReferenceProxies = 1;
			preferredProjectObjectVersion = 77;
			productRefGroup = 9810076BCAABFF144648C16E /* Products */;
			projectDirPath = "";
			projectRoot = "";
			targets = (
				B31020D1619B9803A47177CB /* ImmichSwiftUI */,
				DA6E7A8F7562E6A3FF0C8F8E /* ImmichSwiftUITests */,
			);
		};
/* End PBXProject section */

/* Begin PBXResourcesBuildPhase section */
		62B961DDF3A1ED63A46CC9BB /* Resources */ = {
			isa = PBXResourcesBuildPhase;
			buildActionMask = 2147483647;
			files = (
				55DDF4399AE03D9CFBF101BF /* Assets.xcassets in Resources */,
				1BF291E3C493E40B144B18CD /* Localizable.xcstrings in Resources */,
			);
			runOnlyForDeploymentPostprocessing = 0;
		};
/* End PBXResourcesBuildPhase section */

/* Begin PBXSourcesBuildPhase section */
		BE23A5B6731B401843D08D65 /* Sources */ = {
			isa = PBXSourcesBuildPhase;
			buildActionMask = 2147483647;
			files = (
				54C2F7EB6719891AEF726BBB /* AlbumsTests.swift in Sources */,
				E00CB72F2D79A32EC663A9F0 /* AppLockViewModelTests.swift in Sources */,
				7E81F774765AB7E79EEB2EE1 /* AssetDetailGeocodingTests.swift in Sources */,
				94CC0B59BFDAF7158BAC91D0 /* AssetDetailViewModelTests.swift in Sources */,
				6CF897BBA5C7CF8E415731BC /* AuthViewModelTests.swift in Sources */,
				8065F22AB0DD2746464509FC /* DTOEncodingTests.swift in Sources */,
				0E0FBF4810A1C25C257F8E56 /* DateHeaderFormatterTests.swift in Sources */,
				06488109EBBCB8B19E53ED88 /* DesignSystemTokensTests.swift in Sources */,
				B30270B0AD8AF036F1D42C74 /* EditStateTests.swift in Sources */,
				A468C49DD2A880890888849C /* EditorViewModelTests.swift in Sources */,
				ED7C560FE8069CB0135098C2 /* ExifFormatterTests.swift in Sources */,
				E85D85ABB6BA7A7CD9AE45F5 /* ImageCacheTests.swift in Sources */,
				0F4B54EE5AF64A135626E9C5 /* ImmichAPIClientTests.swift in Sources */,
				0033168128061F9717ED66A2 /* MapViewModelTests.swift in Sources */,
				B66F10F2A0915596CE59A686 /* MockAppLockService.swift in Sources */,
				3C3E7DB6ABCD73CE81DFA3C5 /* MockImmichClient.swift in Sources */,
				1073BAEE4F1F707ED70F6C07 /* MockKeychainStore.swift in Sources */,
				2F68BDD218095E9AB4C6DA7F /* MockLocationGeocoding.swift in Sources */,
				277C60DB6031A81FFC1D3D17 /* MockPhotoLibraryService.swift in Sources */,
				00CEFF46083F7B6F0270D1CF /* PhotoShareViewModelTests.swift in Sources */,
				0F15DFA965A44B54A1685E9A /* PhotoViewerSwipeDecisionTests.swift in Sources */,
				773A2F8FE5D391B22CA4DAA4 /* PinnedHeaderResolverTests.swift in Sources */,
				FBE69C14AEF84665BFAE2744 /* SearchViewModelTests.swift in Sources */,
				4244006500C17C37EC3C23D6 /* TimelineGridZoomTests.swift in Sources */,
				9B9C6DF5786353C2AF23F18F /* TimelineSectionBuilderTests.swift in Sources */,
				16A15FE17FE057D4F3F4B5A8 /* TimelineViewModelTests.swift in Sources */,
				2516D9D5C7D2EC06E7CF8D30 /* TrashViewModelTests.swift in Sources */,
			);
			runOnlyForDeploymentPostprocessing = 0;
		};
		ECA4E6370BE71562FA32587D /* Sources */ = {
			isa = PBXSourcesBuildPhase;
			buildActionMask = 2147483647;
			files = (
				F082DE38C0BB2B118792F655 /* APIError.swift in Sources */,
				2AD9509697C5557D06BA5633 /* AddToAlbumPickerSheet.swift in Sources */,
				98B81684166F35092027B090 /* AlbumDetailView.swift in Sources */,
				AFAE4D5A8B2241105E14446C /* AlbumDetailViewModel.swift in Sources */,
				2A5C842057BE8AE2F0055401 /* AlbumsView.swift in Sources */,
				E9A7741CE094CBD1F4773024 /* AlbumsViewModel.swift in Sources */,
				5CC183A81FECD0A95A5E15C6 /* AnyEncodable.swift in Sources */,
				1BE14FDCA4CDFD1302EB1924 /* AppLockService.swift in Sources */,
				0E13FDD94FBFDF4F243C75EC /* AppLockViewModel.swift in Sources */,
				832E4042AED6C9FAAB6AC7D1 /* AssetDetailViewModel.swift in Sources */,
				AE42CCAC59E2AAC0B8F11A8F /* AssetReactItem.swift in Sources */,
				DC9FA61F102C076161373742 /* AssetThumbnailCell.swift in Sources */,
				6DB42ADF994B02E2121B4E45 /* AuthViewModel.swift in Sources */,
				13025AF5B1167AA39D11EA3F /* AuthenticatedAsyncImage.swift in Sources */,
				761BA5FE37B409AF29DAB5FB /* Color+PhotoVault.swift in Sources */,
				BA13CAF45C72C15D6F1305C9 /* Constants.swift in Sources */,
				8B4896FDF52F8BA65A804DC7 /* CreateAlbumSheet.swift in Sources */,
				4232C50EA534A567E202FDBF /* DTOs+Album.swift in Sources */,
				8168EB414366FD5BA3D10DDA /* DTOs+SharedLink.swift in Sources */,
				99B8F1B2B2B546A9424A99E1 /* DTOs.swift in Sources */,
				FB09A45000B8937B945F5826 /* DateHeaderFormatter.swift in Sources */,
				0C23D558924FE6BFA7B1E509 /* DependencyContainer.swift in Sources */,
				AA11BB22CC33DD44EE55FF66 /* CountryFlag.swift in Sources */,
				66D6C7EF8FF4902A42058929 /* EditPipeline.swift in Sources */,
				22C280975F044343DEB5AC9F /* EditState.swift in Sources */,
				B0E4A61C038B75804DBB6090 /* EditStateStore.swift in Sources */,
				BDE4ABBCEBB4D02970CF6606 /* ExifDisplayFormatter.swift in Sources */,
				530A9E7B091A9DB6B665EF3C /* Font+PhotoVault.swift in Sources */,
				204FFAADE18FC675CCFC018F /* ImageCache.swift in Sources */,
				A3D7F4346BC1AAF1BE2F7DD5 /* ImmichAPIClient.swift in Sources */,
				F2EFACB382EB95C2644C771C /* ImmichAppBar.swift in Sources */,
				39B7140FEEE7F4C8200CB76F /* ImmichAssetURL.swift in Sources */,
				D2FCD9E2B7564C58B9F1AD71 /* ImmichClient.swift in Sources */,
				B30A2E9C3F3B1216FE716563 /* ImmichColors.swift in Sources */,
				D0CAC7A169395CDEC4458056 /* ImmichSwiftUIApp.swift in Sources */,
				8F648CF9D1E4AFBBB547AB0D /* InlineErrorBadge.swift in Sources */,
				741FC097DE7A647EDDD0E766 /* JSONCoding.swift in Sources */,
				7E57C32A07EE1347BAE7DD2C /* KeychainStore.swift in Sources */,
				F2BB3D71D7D0019DD0872750 /* KeychainStoreImpl.swift in Sources */,
				FE1DB9771F8B3F4EBF88890D /* LocationGeocodingService.swift in Sources */,
				2168DFD18D07665A72CCD5CC /* LoginScreen.swift in Sources */,
				DACAAE60CE6FBD8166F2E68D /* LongDateFormatter.swift in Sources */,
				375CC3D254EFA48471384587 /* MapDTOs.swift in Sources */,
				62BFF65708FB956A0A778DD9 /* MapMarkerCache.swift in Sources */,
				BB0C235E4A550C2B51F0FBAF /* MapView.swift in Sources */,
				035324C42BB8EB1DB0BCF741 /* MapViewModel.swift in Sources */,
				F2441CCAA3BADAA839F0F137 /* Motion+PhotoVault.swift in Sources */,
				ABDC870D146CBBC241BC86E2 /* MultipartBody.swift in Sources */,
				293808534AFF743E31D0610C /* OnboardingFlowView.swift in Sources */,
				0B1E36D253FF5663C799F7D9 /* PVButtonStyle.swift in Sources */,
				E223ADADD07A290B16E1A603 /* PVFieldSurface.swift in Sources */,
				292430486336389B855407C7 /* PVGridCell.swift in Sources */,
				C0FFEE1010A1B2C3D4E5F607 /* PVSkeletonGrid.swift in Sources */,
				A31CE425B83CA29591349184 /* PVHeaderBadge.swift in Sources */,
				9243301C309BE0F2F08E0DB0 /* PVInputGroup.swift in Sources */,
				FE878E244F2125507ECDCB36 /* PVStatusBadge.swift in Sources */,
				C07A98D608A0E44577FACF28 /* PhotoEditorView.swift in Sources */,
				FF60B669921EB2F1A3B38BFD /* PhotoEditorViewModel.swift in Sources */,
				D63DFBD7A0C3010F2BE60774 /* PhotoInfoPanel.swift in Sources */,
				00335522C07BD5F73F1CA5A3 /* PhotoLibraryService.swift in Sources */,
				74B671349932155D6960783D /* PhotoLibraryServiceImpl.swift in Sources */,
				66B53969B765E0EDE61468F4 /* PhotoShareViewModel.swift in Sources */,
				9D474260D75BFD884F1D56AD /* PhotoViewer.swift in Sources */,
				67EB53F7AD8CB48FC884509B /* PinnedHeaderResolver.swift in Sources */,
				14C7ECD9CC34DC3743B55740 /* ProfileView.swift in Sources */,
				9F3686BC1420D21C325F1045 /* RecentSearchesStore.swift in Sources */,
				0F328D546EF72C5A43EC4C53 /* RootView.swift in Sources */,
				2648007DEA3B0DCABA09AB11 /* SearchDTOs.swift in Sources */,
				BBD42C0DE4A9243490513642 /* SearchModeGlassBar.swift in Sources */,
				B321FCF9D6BFD812FAB099A4 /* SearchView.swift in Sources */,
				4E159CE0616C083068F74143 /* SearchViewModel.swift in Sources */,
				5AE5E7A05FDAA383E31DE256 /* ServerURLScreen.swift in Sources */,
				AD37DE25A2020AF9419421E9 /* SharedLinkSheet.swift in Sources */,
				B1D2E3F40506070809101112 /* SharedLinksViewModel.swift in Sources */,
				F8E91DBF4819C91FA290723A /* SharedLinksView.swift in Sources */,
				5D31EBE0C6ABA95E8674A5A7 /* Spacing+PhotoVault.swift in Sources */,
				3670AD015A2E270961800429 /* TimelineGridZoom.swift in Sources */,
				107144723CA4D34EB393EF4D /* TimelineSectionBuilder.swift in Sources */,
				5257FD93BBB1F2AEBE24BAE2 /* TimelineView.swift in Sources */,
				989446660BFF32E378E09957 /* TimelineViewModel.swift in Sources */,
				7E1853382960209A084E78C3 /* TrashView.swift in Sources */,
				BD4E535E5AA824D16B2AEA08 /* TrashViewModel.swift in Sources */,
				B2A0ECCF66B27FB64ADA526F /* UploadViewModel.swift in Sources */,
				0BF60200AC1DDD96537ABB14 /* View+Shadow.swift in Sources */,
				8A91C57C6944A15ECD9BD44F /* WelcomeScreen.swift in Sources */,
				3F3646867CBA46D03C70E56B /* ZoomableImageView.swift in Sources */,
			);
			runOnlyForDeploymentPostprocessing = 0;
		};
/* End PBXSourcesBuildPhase section */

/* Begin PBXTargetDependency section */
		D4B2C1D1988F2CFD04B0AB1F /* PBXTargetDependency */ = {
			isa = PBXTargetDependency;
			target = B31020D1619B9803A47177CB /* ImmichSwiftUI */;
			targetProxy = 97DF164670759DD814015248 /* PBXContainerItemProxy */;
		};
/* End PBXTargetDependency section */

/* Begin XCBuildConfiguration section */
		13F31F51C309FC250468FEF4 /* Release */ = {
			isa = XCBuildConfiguration;
			buildSettings = {
				ASSETCATALOG_COMPILER_APPICON_NAME = AppIcon;
				ASSETCATALOG_COMPILER_GLOBAL_ACCENT_COLOR_NAME = AccentColor;
				CODE_SIGN_IDENTITY = "iPhone Developer";
				DEVELOPMENT_TEAM = 2MJF39L8VY;
				INFOPLIST_FILE = Resources/Info.plist;
				LD_RUNPATH_SEARCH_PATHS = (
					"$(inherited)",
					"@executable_path/Frameworks",
				);
				PRODUCT_BUNDLE_IDENTIFIER = "fr.millianlmx.immich-ios";
				SDKROOT = iphoneos;
				TARGETED_DEVICE_FAMILY = "1,2";
			};
			name = Release;
		};
		4B182E3475203889566C7BC3 /* Release */ = {
			isa = XCBuildConfiguration;
			buildSettings = {
				ALWAYS_SEARCH_USER_PATHS = NO;
				CLANG_ANALYZER_NONNULL = YES;
				CLANG_ANALYZER_NUMBER_OBJECT_CONVERSION = YES_AGGRESSIVE;
				CLANG_CXX_LANGUAGE_STANDARD = "gnu++14";
				CLANG_CXX_LIBRARY = "libc++";
				CLANG_ENABLE_MODULES = YES;
				CLANG_ENABLE_OBJC_ARC = YES;
				CLANG_ENABLE_OBJC_WEAK = YES;
				CLANG_WARN_BLOCK_CAPTURE_AUTORELEASING = YES;
				CLANG_WARN_BOOL_CONVERSION = YES;
				CLANG_WARN_COMMA = YES;
				CLANG_WARN_CONSTANT_CONVERSION = YES;
				CLANG_WARN_DEPRECATED_OBJC_IMPLEMENTATIONS = YES;
				CLANG_WARN_DIRECT_OBJC_ISA_USAGE = YES_ERROR;
				CLANG_WARN_DOCUMENTATION_COMMENTS = YES;
				CLANG_WARN_EMPTY_BODY = YES;
				CLANG_WARN_ENUM_CONVERSION = YES;
				CLANG_WARN_INFINITE_RECURSION = YES;
				CLANG_WARN_INT_CONVERSION = YES;
				CLANG_WARN_NON_LITERAL_NULL_CONVERSION = YES;
				CLANG_WARN_OBJC_IMPLICIT_RETAIN_SELF = YES;
				CLANG_WARN_OBJC_LITERAL_CONVERSION = YES;
				CLANG_WARN_OBJC_ROOT_CLASS = YES_ERROR;
				CLANG_WARN_QUOTED_INCLUDE_IN_FRAMEWORK_HEADER = YES;
				CLANG_WARN_RANGE_LOOP_ANALYSIS = YES;
				CLANG_WARN_STRICT_PROTOTYPES = YES;
				CLANG_WARN_SUSPICIOUS_MOVE = YES;
				CLANG_WARN_UNGUARDED_AVAILABILITY = YES_AGGRESSIVE;
				CLANG_WARN_UNREACHABLE_CODE = YES;
				CLANG_WARN__DUPLICATE_METHOD_MATCH = YES;
				COPY_PHASE_STRIP = NO;
				CURRENT_PROJECT_VERSION = 1;
				DEBUG_INFORMATION_FORMAT = "dwarf-with-dsym";
				ENABLE_NS_ASSERTIONS = NO;
				ENABLE_STRICT_OBJC_MSGSEND = YES;
				ENABLE_USER_SCRIPT_SANDBOXING = NO;
				GCC_C_LANGUAGE_STANDARD = gnu11;
				GCC_NO_COMMON_BLOCKS = YES;
				GCC_WARN_64_TO_32_BIT_CONVERSION = YES;
				GCC_WARN_ABOUT_RETURN_TYPE = YES_ERROR;
				GCC_WARN_UNDECLARED_SELECTOR = YES;
				GCC_WARN_UNINITIALIZED_AUTOS = YES_AGGRESSIVE;
				GCC_WARN_UNUSED_FUNCTION = YES;
				GCC_WARN_UNUSED_VARIABLE = YES;
				GENERATE_INFOPLIST_FILE = NO;
				IPHONEOS_DEPLOYMENT_TARGET = 26.0;
				MARKETING_VERSION = 0.1.0;
				MTL_ENABLE_DEBUG_INFO = NO;
				MTL_FAST_MATH = YES;
				PRODUCT_NAME = "$(TARGET_NAME)";
				SDKROOT = iphoneos;
				SWIFT_COMPILATION_MODE = wholemodule;
				SWIFT_OPTIMIZATION_LEVEL = "-O";
				SWIFT_STRICT_CONCURRENCY = minimal;
				SWIFT_VERSION = 5.9;
			};
			name = Release;
		};
		661AC5B0EFBD1BDF44DF1BD3 /* Debug */ = {
			isa = XCBuildConfiguration;
			buildSettings = {
				BUNDLE_LOADER = "$(TEST_HOST)";
				GENERATE_INFOPLIST_FILE = YES;
				LD_RUNPATH_SEARCH_PATHS = (
					"$(inherited)",
					"@executable_path/Frameworks",
					"@loader_path/Frameworks",
				);
				PRODUCT_BUNDLE_IDENTIFIER = app.immich.swiftui.tests;
				SDKROOT = iphoneos;
				TARGETED_DEVICE_FAMILY = "1,2";
				TEST_HOST = "$(BUILT_PRODUCTS_DIR)/ImmichSwiftUI.app/ImmichSwiftUI";
			};
			name = Debug;
		};
		839C77664775011D57BA19B8 /* Release */ = {
			isa = XCBuildConfiguration;
			buildSettings = {
				BUNDLE_LOADER = "$(TEST_HOST)";
				GENERATE_INFOPLIST_FILE = YES;
				LD_RUNPATH_SEARCH_PATHS = (
					"$(inherited)",
					"@executable_path/Frameworks",
					"@loader_path/Frameworks",
				);
				PRODUCT_BUNDLE_IDENTIFIER = app.immich.swiftui.tests;
				SDKROOT = iphoneos;
				TARGETED_DEVICE_FAMILY = "1,2";
				TEST_HOST = "$(BUILT_PRODUCTS_DIR)/ImmichSwiftUI.app/ImmichSwiftUI";
			};
			name = Release;
		};
		94CC4A78134392B84861ED75 /* Debug */ = {
			isa = XCBuildConfiguration;
			buildSettings = {
				ASSETCATALOG_COMPILER_APPICON_NAME = AppIcon;
				ASSETCATALOG_COMPILER_GLOBAL_ACCENT_COLOR_NAME = AccentColor;
				CODE_SIGN_IDENTITY = "iPhone Developer";
				DEVELOPMENT_TEAM = 2MJF39L8VY;
				INFOPLIST_FILE = Resources/Info.plist;
				LD_RUNPATH_SEARCH_PATHS = (
					"$(inherited)",
					"@executable_path/Frameworks",
				);
				PRODUCT_BUNDLE_IDENTIFIER = "fr.millianlmx.immich-ios";
				SDKROOT = iphoneos;
				TARGETED_DEVICE_FAMILY = "1,2";
			};
			name = Debug;
		};
		A903C52CD8AD57F6A45233A2 /* Debug */ = {
			isa = XCBuildConfiguration;
			buildSettings = {
				ALWAYS_SEARCH_USER_PATHS = NO;
				CLANG_ANALYZER_NONNULL = YES;
				CLANG_ANALYZER_NUMBER_OBJECT_CONVERSION = YES_AGGRESSIVE;
				CLANG_CXX_LANGUAGE_STANDARD = "gnu++14";
				CLANG_CXX_LIBRARY = "libc++";
				CLANG_ENABLE_MODULES = YES;
				CLANG_ENABLE_OBJC_ARC = YES;
				CLANG_ENABLE_OBJC_WEAK = YES;
				CLANG_WARN_BLOCK_CAPTURE_AUTORELEASING = YES;
				CLANG_WARN_BOOL_CONVERSION = YES;
				CLANG_WARN_COMMA = YES;
				CLANG_WARN_CONSTANT_CONVERSION = YES;
				CLANG_WARN_DEPRECATED_OBJC_IMPLEMENTATIONS = YES;
				CLANG_WARN_DIRECT_OBJC_ISA_USAGE = YES_ERROR;
				CLANG_WARN_DOCUMENTATION_COMMENTS = YES;
				CLANG_WARN_EMPTY_BODY = YES;
				CLANG_WARN_ENUM_CONVERSION = YES;
				CLANG_WARN_INFINITE_RECURSION = YES;
				CLANG_WARN_INT_CONVERSION = YES;
				CLANG_WARN_NON_LITERAL_NULL_CONVERSION = YES;
				CLANG_WARN_OBJC_IMPLICIT_RETAIN_SELF = YES;
				CLANG_WARN_OBJC_LITERAL_CONVERSION = YES;
				CLANG_WARN_OBJC_ROOT_CLASS = YES_ERROR;
				CLANG_WARN_QUOTED_INCLUDE_IN_FRAMEWORK_HEADER = YES;
				CLANG_WARN_RANGE_LOOP_ANALYSIS = YES;
				CLANG_WARN_STRICT_PROTOTYPES = YES;
				CLANG_WARN_SUSPICIOUS_MOVE = YES;
				CLANG_WARN_UNGUARDED_AVAILABILITY = YES_AGGRESSIVE;
				CLANG_WARN_UNREACHABLE_CODE = YES;
				CLANG_WARN__DUPLICATE_METHOD_MATCH = YES;
				COPY_PHASE_STRIP = NO;
				CURRENT_PROJECT_VERSION = 1;
				DEBUG_INFORMATION_FORMAT = dwarf;
				ENABLE_STRICT_OBJC_MSGSEND = YES;
				ENABLE_TESTABILITY = YES;
				ENABLE_USER_SCRIPT_SANDBOXING = NO;
				GCC_C_LANGUAGE_STANDARD = gnu11;
				GCC_DYNAMIC_NO_PIC = NO;
				GCC_NO_COMMON_BLOCKS = YES;
				GCC_OPTIMIZATION_LEVEL = 0;
				GCC_PREPROCESSOR_DEFINITIONS = (
					"$(inherited)",
					"DEBUG=1",
				);
				GCC_WARN_64_TO_32_BIT_CONVERSION = YES;
				GCC_WARN_ABOUT_RETURN_TYPE = YES_ERROR;
				GCC_WARN_UNDECLARED_SELECTOR = YES;
				GCC_WARN_UNINITIALIZED_AUTOS = YES_AGGRESSIVE;
				GCC_WARN_UNUSED_FUNCTION = YES;
				GCC_WARN_UNUSED_VARIABLE = YES;
				GENERATE_INFOPLIST_FILE = NO;
				IPHONEOS_DEPLOYMENT_TARGET = 26.0;
				MARKETING_VERSION = 0.1.0;
				MTL_ENABLE_DEBUG_INFO = INCLUDE_SOURCE;
				MTL_FAST_MATH = YES;
				ONLY_ACTIVE_ARCH = YES;
				PRODUCT_NAME = "$(TARGET_NAME)";
				SDKROOT = iphoneos;
				SWIFT_ACTIVE_COMPILATION_CONDITIONS = DEBUG;
				SWIFT_OPTIMIZATION_LEVEL = "-Onone";
				SWIFT_STRICT_CONCURRENCY = minimal;
				SWIFT_VERSION = 5.9;
			};
			name = Debug;
		};
/* End XCBuildConfiguration section */

/* Begin XCConfigurationList section */
		3921F729C4FBA1138CAB5924 /* Build configuration list for PBXProject "ImmichSwiftUI" */ = {
			isa = XCConfigurationList;
			buildConfigurations = (
				A903C52CD8AD57F6A45233A2 /* Debug */,
				4B182E3475203889566C7BC3 /* Release */,
			);
			defaultConfigurationIsVisible = 0;
			defaultConfigurationName = Debug;
		};
		D189E55E327191235D906BD1 /* Build configuration list for PBXNativeTarget "ImmichSwiftUI" */ = {
			isa = XCConfigurationList;
			buildConfigurations = (
				94CC4A78134392B84861ED75 /* Debug */,
				13F31F51C309FC250468FEF4 /* Release */,
			);
			defaultConfigurationIsVisible = 0;
			defaultConfigurationName = Debug;
		};
		F086F407E723BA4D0ABF0BAD /* Build configuration list for PBXNativeTarget "ImmichSwiftUITests" */ = {
			isa = XCConfigurationList;
			buildConfigurations = (
				661AC5B0EFBD1BDF44DF1BD3 /* Debug */,
				839C77664775011D57BA19B8 /* Release */,
			);
			defaultConfigurationIsVisible = 0;
			defaultConfigurationName = Debug;
		};
/* End XCConfigurationList section */
	};
	rootObject = 33637C967137820639937F67 /* Project object */;
}
